// !$*UTF8*$!
{
	archiveVersion = 1;
	classes = {
	};
	objectVersion = 55;
	objects = {

/* Begin PBXBuildFile section */
		042FE5FEF5ABEE9292B5B851 /* Pods_Cookies.framework in Frameworks */ = {isa = PBXBuildFile; fileRef = 9CF61FF7469240FF30188976 /* Pods_Cookies.framework */; };
		331EA25EEA6F57F555B2DB13 /* Pods_Cookies_CookiesUITests.framework in Frameworks */ = {isa = PBXBuildFile; fileRef = 825EB6E71034BB775AC625B8 /* Pods_Cookies_CookiesUITests.framework */; };
		3C453D8028C3576B00D4ADF3 /* CookieToast.swift in Sources */ = {isa = PBXBuildFile; fileRef = 3C453D7F28C3576B00D4ADF3 /* CookieToast.swift */; };
		3C453D8528C3815300D4ADF3 /* CheckCookieView.swift in Sources */ = {isa = PBXBuildFile; fileRef = 3C453D8428C3815300D4ADF3 /* CheckCookieView.swift */; };
		3C453D8D28C3929F00D4ADF3 /* Pretendard-Regular.otf in Resources */ = {isa = PBXBuildFile; fileRef = 3C453D8728C3929F00D4ADF3 /* Pretendard-Regular.otf */; };
		3C453D8E28C3929F00D4ADF3 /* Pretendard-Black.otf in Resources */ = {isa = PBXBuildFile; fileRef = 3C453D8828C3929F00D4ADF3 /* Pretendard-Black.otf */; };
		3C453D8F28C3929F00D4ADF3 /* Pretendard-Medium.otf in Resources */ = {isa = PBXBuildFile; fileRef = 3C453D8928C3929F00D4ADF3 /* Pretendard-Medium.otf */; };
		3C453D9028C3929F00D4ADF3 /* Pretendard-ExtraBold.otf in Resources */ = {isa = PBXBuildFile; fileRef = 3C453D8A28C3929F00D4ADF3 /* Pretendard-ExtraBold.otf */; };
		3C453D9128C3929F00D4ADF3 /* Pretendard-Bold.otf in Resources */ = {isa = PBXBuildFile; fileRef = 3C453D8B28C3929F00D4ADF3 /* Pretendard-Bold.otf */; };
		3C453D9228C3929F00D4ADF3 /* Pretendard-SemiBold.otf in Resources */ = {isa = PBXBuildFile; fileRef = 3C453D8C28C3929F00D4ADF3 /* Pretendard-SemiBold.otf */; };
		3C453D9428C392D300D4ADF3 /* UIFont+.swift in Sources */ = {isa = PBXBuildFile; fileRef = 3C453D9328C392D300D4ADF3 /* UIFont+.swift */; };
		6F2E373F28C34D3400823563 /* BottomMenuView.swift in Sources */ = {isa = PBXBuildFile; fileRef = 6F2E373E28C34D3400823563 /* BottomMenuView.swift */; };
		6F2E374128C34D3D00823563 /* BottomMenuView.xib in Resources */ = {isa = PBXBuildFile; fileRef = 6F2E374028C34D3D00823563 /* BottomMenuView.xib */; };
		6F2E374428C35EE800823563 /* WriteView.swift in Sources */ = {isa = PBXBuildFile; fileRef = 6F2E374328C35EE800823563 /* WriteView.swift */; };
		6F2E374628C35EEE00823563 /* WriteView.xib in Resources */ = {isa = PBXBuildFile; fileRef = 6F2E374528C35EEE00823563 /* WriteView.xib */; };
		6F2E374828C3616500823563 /* UIMonad.swift in Sources */ = {isa = PBXBuildFile; fileRef = 6F2E374728C3616500823563 /* UIMonad.swift */; };
		6F2FE35528C38B0E0080EFDE /* RxNMFMapViewDelegateProxy.swift in Sources */ = {isa = PBXBuildFile; fileRef = 6F2FE35428C38B0E0080EFDE /* RxNMFMapViewDelegateProxy.swift */; };
		6F2FE35728C38BA60080EFDE /* Rx+NMFMapview.swift in Sources */ = {isa = PBXBuildFile; fileRef = 6F2FE35628C38BA60080EFDE /* Rx+NMFMapview.swift */; };
		6F2FE35928C395540080EFDE /* RxCLLocationDelegateProxy.swift in Sources */ = {isa = PBXBuildFile; fileRef = 6F2FE35828C395540080EFDE /* RxCLLocationDelegateProxy.swift */; };
		6F2FE35D28C39A8E0080EFDE /* HomeViewModel.swift in Sources */ = {isa = PBXBuildFile; fileRef = 6F2FE35C28C39A8E0080EFDE /* HomeViewModel.swift */; };
		6F2FE36028C39B0B0080EFDE /* APIServiceProtocol.swift in Sources */ = {isa = PBXBuildFile; fileRef = 6F2FE35F28C39B0B0080EFDE /* APIServiceProtocol.swift */; };
		6F2FE36428C39B5E0080EFDE /* Model.swift in Sources */ = {isa = PBXBuildFile; fileRef = 6F2FE36328C39B5E0080EFDE /* Model.swift */; };
		6F2FE36628C39B7D0080EFDE /* Model.Letter.swift in Sources */ = {isa = PBXBuildFile; fileRef = 6F2FE36528C39B7D0080EFDE /* Model.Letter.swift */; };
		6F2FE36828C3A3A10080EFDE /* APIService.swift in Sources */ = {isa = PBXBuildFile; fileRef = 6F2FE36728C3A3A10080EFDE /* APIService.swift */; };
		6F6A1BD628C338F900731B75 /* AlertViewController.swift in Sources */ = {isa = PBXBuildFile; fileRef = 6F6A1BD528C338F900731B75 /* AlertViewController.swift */; };
		6F6A1BD828C3391200731B75 /* Alert.storyboard in Resources */ = {isa = PBXBuildFile; fileRef = 6F6A1BD728C3391200731B75 /* Alert.storyboard */; };
		6F72CD1028C2F1B90038BC32 /* Viewmodel.swift in Sources */ = {isa = PBXBuildFile; fileRef = 6F72CD0F28C2F1B90038BC32 /* Viewmodel.swift */; };
		6F72CD1328C2F5AE0038BC32 /* API.swift in Sources */ = {isa = PBXBuildFile; fileRef = 6F72CD1228C2F5AE0038BC32 /* API.swift */; };
		6F72CD1628C2F5D70038BC32 /* APIConfig.swift in Sources */ = {isa = PBXBuildFile; fileRef = 6F72CD1528C2F5D70038BC32 /* APIConfig.swift */; };
		6F72CD1828C2FA520038BC32 /* APIConfig+Request.swift in Sources */ = {isa = PBXBuildFile; fileRef = 6F72CD1728C2FA520038BC32 /* APIConfig+Request.swift */; };
		6F72CD1A28C2FADE0038BC32 /* APIConfig+Error.swift in Sources */ = {isa = PBXBuildFile; fileRef = 6F72CD1928C2FADE0038BC32 /* APIConfig+Error.swift */; };
		6F72CD1C28C2FAFB0038BC32 /* API.Parameter.swift in Sources */ = {isa = PBXBuildFile; fileRef = 6F72CD1B28C2FAFB0038BC32 /* API.Parameter.swift */; };
		6F72CD1E28C2FB550038BC32 /* APIError.swift in Sources */ = {isa = PBXBuildFile; fileRef = 6F72CD1D28C2FB550038BC32 /* APIError.swift */; };
		6F72CD2128C2FBDF0038BC32 /* APIError.Code.swift in Sources */ = {isa = PBXBuildFile; fileRef = 6F72CD2028C2FBDF0038BC32 /* APIError.Code.swift */; };
		6F72CD2328C2FCC40038BC32 /* CookieDomain.swift in Sources */ = {isa = PBXBuildFile; fileRef = 6F72CD2228C2FCC40038BC32 /* CookieDomain.swift */; };
		6F72CD2528C2FDF10038BC32 /* MockError.swift in Sources */ = {isa = PBXBuildFile; fileRef = 6F72CD2428C2FDF10038BC32 /* MockError.swift */; };
		6FB2B77B28C2E8B10015331B /* AppDelegate.swift in Sources */ = {isa = PBXBuildFile; fileRef = 6FB2B77A28C2E8B10015331B /* AppDelegate.swift */; };
		6FB2B77D28C2E8B10015331B /* SceneDelegate.swift in Sources */ = {isa = PBXBuildFile; fileRef = 6FB2B77C28C2E8B10015331B /* SceneDelegate.swift */; };
		6FB2B77F28C2E8B10015331B /* ViewController.swift in Sources */ = {isa = PBXBuildFile; fileRef = 6FB2B77E28C2E8B10015331B /* ViewController.swift */; };
		6FB2B78228C2E8B10015331B /* Main.storyboard in Resources */ = {isa = PBXBuildFile; fileRef = 6FB2B78028C2E8B10015331B /* Main.storyboard */; };
		6FB2B78428C2E8B30015331B /* Assets.xcassets in Resources */ = {isa = PBXBuildFile; fileRef = 6FB2B78328C2E8B30015331B /* Assets.xcassets */; };
		6FB2B78728C2E8B30015331B /* LaunchScreen.storyboard in Resources */ = {isa = PBXBuildFile; fileRef = 6FB2B78528C2E8B30015331B /* LaunchScreen.storyboard */; };
		6FB2B79228C2E8B30015331B /* CookiesTests.swift in Sources */ = {isa = PBXBuildFile; fileRef = 6FB2B79128C2E8B30015331B /* CookiesTests.swift */; };
		6FB2B79C28C2E8B30015331B /* CookiesUITests.swift in Sources */ = {isa = PBXBuildFile; fileRef = 6FB2B79B28C2E8B30015331B /* CookiesUITests.swift */; };
		6FB2B79E28C2E8B30015331B /* CookiesUITestsLaunchTests.swift in Sources */ = {isa = PBXBuildFile; fileRef = 6FB2B79D28C2E8B30015331B /* CookiesUITestsLaunchTests.swift */; };
		6FC8D3A928C3123F000A9125 /* CookiesTransition.swift in Sources */ = {isa = PBXBuildFile; fileRef = 6FC8D3A828C3123F000A9125 /* CookiesTransition.swift */; };
		6FC8D3AC28C31294000A9125 /* CKRootViewController.swift in Sources */ = {isa = PBXBuildFile; fileRef = 6FC8D3AB28C31294000A9125 /* CKRootViewController.swift */; };
		6FC8D3AE28C313C0000A9125 /* VCFactory.swift in Sources */ = {isa = PBXBuildFile; fileRef = 6FC8D3AD28C313C0000A9125 /* VCFactory.swift */; };
		6FC8D3B128C31544000A9125 /* CookiesScene.swift in Sources */ = {isa = PBXBuildFile; fileRef = 6FC8D3B028C31544000A9125 /* CookiesScene.swift */; };
		6FC8D3B428C31752000A9125 /* CookieEmbeddable.swift in Sources */ = {isa = PBXBuildFile; fileRef = 6FC8D3B328C31752000A9125 /* CookieEmbeddable.swift */; };
		6FC8D3B728C31C2E000A9125 /* HomeViewController.swift in Sources */ = {isa = PBXBuildFile; fileRef = 6FC8D3B628C31C2E000A9125 /* HomeViewController.swift */; };
		6FC8D3B928C31FFD000A9125 /* HomeViewController+Gesture.swift in Sources */ = {isa = PBXBuildFile; fileRef = 6FC8D3B828C31FFD000A9125 /* HomeViewController+Gesture.swift */; };
		6FC8D3BB28C320C9000A9125 /* UIView+.swift in Sources */ = {isa = PBXBuildFile; fileRef = 6FC8D3BA28C320C9000A9125 /* UIView+.swift */; };
		6FC8D3BE28C327A0000A9125 /* CookieView.swift in Sources */ = {isa = PBXBuildFile; fileRef = 6FC8D3BD28C327A0000A9125 /* CookieView.swift */; };
		6FC8D3C028C327A9000A9125 /* CookieView.xib in Resources */ = {isa = PBXBuildFile; fileRef = 6FC8D3BF28C327A9000A9125 /* CookieView.xib */; };
		6FC8D3C228C3288F000A9125 /* UIView+Layout.swift in Sources */ = {isa = PBXBuildFile; fileRef = 6FC8D3C128C3288F000A9125 /* UIView+Layout.swift */; };
		6FC8D3C428C328C6000A9125 /* NSObject+.swift in Sources */ = {isa = PBXBuildFile; fileRef = 6FC8D3C328C328C6000A9125 /* NSObject+.swift */; };
		6FC8D3CC28C3320F000A9125 /* TransitionDelegate.swift in Sources */ = {isa = PBXBuildFile; fileRef = 6FC8D3CB28C3320F000A9125 /* TransitionDelegate.swift */; };
		6FC8D3CE28C3325D000A9125 /* GuideViewController.swift in Sources */ = {isa = PBXBuildFile; fileRef = 6FC8D3CD28C3325D000A9125 /* GuideViewController.swift */; };
		F6CD0B58B3B7CA3C16696008 /* Pods_CookiesTests.framework in Frameworks */ = {isa = PBXBuildFile; fileRef = C495CFD2147E5E771DF99D24 /* Pods_CookiesTests.framework */; };
/* End PBXBuildFile section */

/* Begin PBXContainerItemProxy section */
		6FB2B78E28C2E8B30015331B /* PBXContainerItemProxy */ = {
			isa = PBXContainerItemProxy;
			containerPortal = 6FB2B76F28C2E8B10015331B /* Project object */;
			proxyType = 1;
			remoteGlobalIDString = 6FB2B77628C2E8B10015331B;
			remoteInfo = Cookies;
		};
		6FB2B79828C2E8B30015331B /* PBXContainerItemProxy */ = {
			isa = PBXContainerItemProxy;
			containerPortal = 6FB2B76F28C2E8B10015331B /* Project object */;
			proxyType = 1;
			remoteGlobalIDString = 6FB2B77628C2E8B10015331B;
			remoteInfo = Cookies;
		};
/* End PBXContainerItemProxy section */

/* Begin PBXFileReference section */
		3C453D7F28C3576B00D4ADF3 /* CookieToast.swift */ = {isa = PBXFileReference; fileEncoding = 4; lastKnownFileType = sourcecode.swift; path = CookieToast.swift; sourceTree = "<group>"; };
		3C453D8428C3815300D4ADF3 /* CheckCookieView.swift */ = {isa = PBXFileReference; lastKnownFileType = sourcecode.swift; path = CheckCookieView.swift; sourceTree = "<group>"; };
		3C453D8728C3929F00D4ADF3 /* Pretendard-Regular.otf */ = {isa = PBXFileReference; lastKnownFileType = file; path = "Pretendard-Regular.otf"; sourceTree = "<group>"; };
		3C453D8828C3929F00D4ADF3 /* Pretendard-Black.otf */ = {isa = PBXFileReference; lastKnownFileType = file; path = "Pretendard-Black.otf"; sourceTree = "<group>"; };
		3C453D8928C3929F00D4ADF3 /* Pretendard-Medium.otf */ = {isa = PBXFileReference; lastKnownFileType = file; path = "Pretendard-Medium.otf"; sourceTree = "<group>"; };
		3C453D8A28C3929F00D4ADF3 /* Pretendard-ExtraBold.otf */ = {isa = PBXFileReference; lastKnownFileType = file; path = "Pretendard-ExtraBold.otf"; sourceTree = "<group>"; };
		3C453D8B28C3929F00D4ADF3 /* Pretendard-Bold.otf */ = {isa = PBXFileReference; lastKnownFileType = file; path = "Pretendard-Bold.otf"; sourceTree = "<group>"; };
		3C453D8C28C3929F00D4ADF3 /* Pretendard-SemiBold.otf */ = {isa = PBXFileReference; lastKnownFileType = file; path = "Pretendard-SemiBold.otf"; sourceTree = "<group>"; };
		3C453D9328C392D300D4ADF3 /* UIFont+.swift */ = {isa = PBXFileReference; fileEncoding = 4; lastKnownFileType = sourcecode.swift; path = "UIFont+.swift"; sourceTree = "<group>"; };
		460B4154820812C3D67A7961 /* Pods-Cookies.release.xcconfig */ = {isa = PBXFileReference; includeInIndex = 1; lastKnownFileType = text.xcconfig; name = "Pods-Cookies.release.xcconfig"; path = "Target Support Files/Pods-Cookies/Pods-Cookies.release.xcconfig"; sourceTree = "<group>"; };
		6460C65FCE166EC0D0255295 /* Pods-CookiesTests.release.xcconfig */ = {isa = PBXFileReference; includeInIndex = 1; lastKnownFileType = text.xcconfig; name = "Pods-CookiesTests.release.xcconfig"; path = "Target Support Files/Pods-CookiesTests/Pods-CookiesTests.release.xcconfig"; sourceTree = "<group>"; };
		6F2E373E28C34D3400823563 /* BottomMenuView.swift */ = {isa = PBXFileReference; lastKnownFileType = sourcecode.swift; path = BottomMenuView.swift; sourceTree = "<group>"; };
		6F2E374028C34D3D00823563 /* BottomMenuView.xib */ = {isa = PBXFileReference; lastKnownFileType = file.xib; path = BottomMenuView.xib; sourceTree = "<group>"; };
		6F2E374328C35EE800823563 /* WriteView.swift */ = {isa = PBXFileReference; lastKnownFileType = sourcecode.swift; path = WriteView.swift; sourceTree = "<group>"; };
		6F2E374528C35EEE00823563 /* WriteView.xib */ = {isa = PBXFileReference; lastKnownFileType = file.xib; path = WriteView.xib; sourceTree = "<group>"; };
		6F2E374728C3616500823563 /* UIMonad.swift */ = {isa = PBXFileReference; lastKnownFileType = sourcecode.swift; path = UIMonad.swift; sourceTree = "<group>"; };
		6F2FE35428C38B0E0080EFDE /* RxNMFMapViewDelegateProxy.swift */ = {isa = PBXFileReference; lastKnownFileType = sourcecode.swift; path = RxNMFMapViewDelegateProxy.swift; sourceTree = "<group>"; };
		6F2FE35628C38BA60080EFDE /* Rx+NMFMapview.swift */ = {isa = PBXFileReference; lastKnownFileType = sourcecode.swift; path = "Rx+NMFMapview.swift"; sourceTree = "<group>"; };
		6F2FE35828C395540080EFDE /* RxCLLocationDelegateProxy.swift */ = {isa = PBXFileReference; lastKnownFileType = sourcecode.swift; path = RxCLLocationDelegateProxy.swift; sourceTree = "<group>"; };
		6F2FE35C28C39A8E0080EFDE /* HomeViewModel.swift */ = {isa = PBXFileReference; lastKnownFileType = sourcecode.swift; path = HomeViewModel.swift; sourceTree = "<group>"; };
		6F2FE35F28C39B0B0080EFDE /* APIServiceProtocol.swift */ = {isa = PBXFileReference; lastKnownFileType = sourcecode.swift; path = APIServiceProtocol.swift; sourceTree = "<group>"; };
		6F2FE36328C39B5E0080EFDE /* Model.swift */ = {isa = PBXFileReference; lastKnownFileType = sourcecode.swift; path = Model.swift; sourceTree = "<group>"; };
		6F2FE36528C39B7D0080EFDE /* Model.Letter.swift */ = {isa = PBXFileReference; lastKnownFileType = sourcecode.swift; path = Model.Letter.swift; sourceTree = "<group>"; };
		6F2FE36728C3A3A10080EFDE /* APIService.swift */ = {isa = PBXFileReference; lastKnownFileType = sourcecode.swift; path = APIService.swift; sourceTree = "<group>"; };
		6F6A1BD528C338F900731B75 /* AlertViewController.swift */ = {isa = PBXFileReference; lastKnownFileType = sourcecode.swift; path = AlertViewController.swift; sourceTree = "<group>"; };
		6F6A1BD728C3391200731B75 /* Alert.storyboard */ = {isa = PBXFileReference; lastKnownFileType = file.storyboard; path = Alert.storyboard; sourceTree = "<group>"; };
		6F72CD0F28C2F1B90038BC32 /* Viewmodel.swift */ = {isa = PBXFileReference; lastKnownFileType = sourcecode.swift; path = Viewmodel.swift; sourceTree = "<group>"; };
		6F72CD1228C2F5AE0038BC32 /* API.swift */ = {isa = PBXFileReference; lastKnownFileType = sourcecode.swift; path = API.swift; sourceTree = "<group>"; };
		6F72CD1528C2F5D70038BC32 /* APIConfig.swift */ = {isa = PBXFileReference; lastKnownFileType = sourcecode.swift; path = APIConfig.swift; sourceTree = "<group>"; };
		6F72CD1728C2FA520038BC32 /* APIConfig+Request.swift */ = {isa = PBXFileReference; lastKnownFileType = sourcecode.swift; path = "APIConfig+Request.swift"; sourceTree = "<group>"; };
		6F72CD1928C2FADE0038BC32 /* APIConfig+Error.swift */ = {isa = PBXFileReference; lastKnownFileType = sourcecode.swift; path = "APIConfig+Error.swift"; sourceTree = "<group>"; };
		6F72CD1B28C2FAFB0038BC32 /* API.Parameter.swift */ = {isa = PBXFileReference; lastKnownFileType = sourcecode.swift; path = API.Parameter.swift; sourceTree = "<group>"; };
		6F72CD1D28C2FB550038BC32 /* APIError.swift */ = {isa = PBXFileReference; lastKnownFileType = sourcecode.swift; path = APIError.swift; sourceTree = "<group>"; };
		6F72CD2028C2FBDF0038BC32 /* APIError.Code.swift */ = {isa = PBXFileReference; lastKnownFileType = sourcecode.swift; path = APIError.Code.swift; sourceTree = "<group>"; };
		6F72CD2228C2FCC40038BC32 /* CookieDomain.swift */ = {isa = PBXFileReference; lastKnownFileType = sourcecode.swift; path = CookieDomain.swift; sourceTree = "<group>"; };
		6F72CD2428C2FDF10038BC32 /* MockError.swift */ = {isa = PBXFileReference; lastKnownFileType = sourcecode.swift; path = MockError.swift; sourceTree = "<group>"; };
		6FB2B77728C2E8B10015331B /* Cookies.app */ = {isa = PBXFileReference; explicitFileType = wrapper.application; includeInIndex = 0; path = Cookies.app; sourceTree = BUILT_PRODUCTS_DIR; };
		6FB2B77A28C2E8B10015331B /* AppDelegate.swift */ = {isa = PBXFileReference; lastKnownFileType = sourcecode.swift; path = AppDelegate.swift; sourceTree = "<group>"; };
		6FB2B77C28C2E8B10015331B /* SceneDelegate.swift */ = {isa = PBXFileReference; lastKnownFileType = sourcecode.swift; path = SceneDelegate.swift; sourceTree = "<group>"; };
		6FB2B77E28C2E8B10015331B /* ViewController.swift */ = {isa = PBXFileReference; lastKnownFileType = sourcecode.swift; path = ViewController.swift; sourceTree = "<group>"; };
		6FB2B78128C2E8B10015331B /* Base */ = {isa = PBXFileReference; lastKnownFileType = file.storyboard; name = Base; path = Base.lproj/Main.storyboard; sourceTree = "<group>"; };
		6FB2B78328C2E8B30015331B /* Assets.xcassets */ = {isa = PBXFileReference; lastKnownFileType = folder.assetcatalog; path = Assets.xcassets; sourceTree = "<group>"; };
		6FB2B78628C2E8B30015331B /* Base */ = {isa = PBXFileReference; lastKnownFileType = file.storyboard; name = Base; path = Base.lproj/LaunchScreen.storyboard; sourceTree = "<group>"; };
		6FB2B78828C2E8B30015331B /* Info.plist */ = {isa = PBXFileReference; lastKnownFileType = text.plist.xml; path = Info.plist; sourceTree = "<group>"; };
		6FB2B78D28C2E8B30015331B /* CookiesTests.xctest */ = {isa = PBXFileReference; explicitFileType = wrapper.cfbundle; includeInIndex = 0; path = CookiesTests.xctest; sourceTree = BUILT_PRODUCTS_DIR; };
		6FB2B79128C2E8B30015331B /* CookiesTests.swift */ = {isa = PBXFileReference; lastKnownFileType = sourcecode.swift; path = CookiesTests.swift; sourceTree = "<group>"; };
		6FB2B79728C2E8B30015331B /* CookiesUITests.xctest */ = {isa = PBXFileReference; explicitFileType = wrapper.cfbundle; includeInIndex = 0; path = CookiesUITests.xctest; sourceTree = BUILT_PRODUCTS_DIR; };
		6FB2B79B28C2E8B30015331B /* CookiesUITests.swift */ = {isa = PBXFileReference; lastKnownFileType = sourcecode.swift; path = CookiesUITests.swift; sourceTree = "<group>"; };
		6FB2B79D28C2E8B30015331B /* CookiesUITestsLaunchTests.swift */ = {isa = PBXFileReference; lastKnownFileType = sourcecode.swift; path = CookiesUITestsLaunchTests.swift; sourceTree = "<group>"; };
		6FC8D3A828C3123F000A9125 /* CookiesTransition.swift */ = {isa = PBXFileReference; lastKnownFileType = sourcecode.swift; path = CookiesTransition.swift; sourceTree = "<group>"; };
		6FC8D3AB28C31294000A9125 /* CKRootViewController.swift */ = {isa = PBXFileReference; lastKnownFileType = sourcecode.swift; path = CKRootViewController.swift; sourceTree = "<group>"; };
		6FC8D3AD28C313C0000A9125 /* VCFactory.swift */ = {isa = PBXFileReference; lastKnownFileType = sourcecode.swift; path = VCFactory.swift; sourceTree = "<group>"; };
		6FC8D3B028C31544000A9125 /* CookiesScene.swift */ = {isa = PBXFileReference; lastKnownFileType = sourcecode.swift; path = CookiesScene.swift; sourceTree = "<group>"; };
		6FC8D3B328C31752000A9125 /* CookieEmbeddable.swift */ = {isa = PBXFileReference; lastKnownFileType = sourcecode.swift; path = CookieEmbeddable.swift; sourceTree = "<group>"; };
		6FC8D3B628C31C2E000A9125 /* HomeViewController.swift */ = {isa = PBXFileReference; lastKnownFileType = sourcecode.swift; path = HomeViewController.swift; sourceTree = "<group>"; };
		6FC8D3B828C31FFD000A9125 /* HomeViewController+Gesture.swift */ = {isa = PBXFileReference; lastKnownFileType = sourcecode.swift; path = "HomeViewController+Gesture.swift"; sourceTree = "<group>"; };
		6FC8D3BA28C320C9000A9125 /* UIView+.swift */ = {isa = PBXFileReference; lastKnownFileType = sourcecode.swift; path = "UIView+.swift"; sourceTree = "<group>"; };
		6FC8D3BD28C327A0000A9125 /* CookieView.swift */ = {isa = PBXFileReference; lastKnownFileType = sourcecode.swift; path = CookieView.swift; sourceTree = "<group>"; };
		6FC8D3BF28C327A9000A9125 /* CookieView.xib */ = {isa = PBXFileReference; lastKnownFileType = file.xib; path = CookieView.xib; sourceTree = "<group>"; };
		6FC8D3C128C3288F000A9125 /* UIView+Layout.swift */ = {isa = PBXFileReference; lastKnownFileType = sourcecode.swift; path = "UIView+Layout.swift"; sourceTree = "<group>"; };
		6FC8D3C328C328C6000A9125 /* NSObject+.swift */ = {isa = PBXFileReference; lastKnownFileType = sourcecode.swift; path = "NSObject+.swift"; sourceTree = "<group>"; };
		6FC8D3CB28C3320F000A9125 /* TransitionDelegate.swift */ = {isa = PBXFileReference; lastKnownFileType = sourcecode.swift; path = TransitionDelegate.swift; sourceTree = "<group>"; };
		6FC8D3CD28C3325D000A9125 /* GuideViewController.swift */ = {isa = PBXFileReference; lastKnownFileType = sourcecode.swift; path = GuideViewController.swift; sourceTree = "<group>"; };
		772B9DB124CFA17FC457955E /* Pods-Cookies.debug.xcconfig */ = {isa = PBXFileReference; includeInIndex = 1; lastKnownFileType = text.xcconfig; name = "Pods-Cookies.debug.xcconfig"; path = "Target Support Files/Pods-Cookies/Pods-Cookies.debug.xcconfig"; sourceTree = "<group>"; };
		825EB6E71034BB775AC625B8 /* Pods_Cookies_CookiesUITests.framework */ = {isa = PBXFileReference; explicitFileType = wrapper.framework; includeInIndex = 0; path = Pods_Cookies_CookiesUITests.framework; sourceTree = BUILT_PRODUCTS_DIR; };
		9CF61FF7469240FF30188976 /* Pods_Cookies.framework */ = {isa = PBXFileReference; explicitFileType = wrapper.framework; includeInIndex = 0; path = Pods_Cookies.framework; sourceTree = BUILT_PRODUCTS_DIR; };
		C495CFD2147E5E771DF99D24 /* Pods_CookiesTests.framework */ = {isa = PBXFileReference; explicitFileType = wrapper.framework; includeInIndex = 0; path = Pods_CookiesTests.framework; sourceTree = BUILT_PRODUCTS_DIR; };
		E4D206DD8B631EAB94459247 /* Pods-CookiesTests.debug.xcconfig */ = {isa = PBXFileReference; includeInIndex = 1; lastKnownFileType = text.xcconfig; name = "Pods-CookiesTests.debug.xcconfig"; path = "Target Support Files/Pods-CookiesTests/Pods-CookiesTests.debug.xcconfig"; sourceTree = "<group>"; };
		EF885F1123DF26CE2DE7EC83 /* Pods-Cookies-CookiesUITests.release.xcconfig */ = {isa = PBXFileReference; includeInIndex = 1; lastKnownFileType = text.xcconfig; name = "Pods-Cookies-CookiesUITests.release.xcconfig"; path = "Target Support Files/Pods-Cookies-CookiesUITests/Pods-Cookies-CookiesUITests.release.xcconfig"; sourceTree = "<group>"; };
		F6593552E4F8302B00F060E9 /* Pods-Cookies-CookiesUITests.debug.xcconfig */ = {isa = PBXFileReference; includeInIndex = 1; lastKnownFileType = text.xcconfig; name = "Pods-Cookies-CookiesUITests.debug.xcconfig"; path = "Target Support Files/Pods-Cookies-CookiesUITests/Pods-Cookies-CookiesUITests.debug.xcconfig"; sourceTree = "<group>"; };
/* End PBXFileReference section */

/* Begin PBXFrameworksBuildPhase section */
		6FB2B77428C2E8B10015331B /* Frameworks */ = {
			isa = PBXFrameworksBuildPhase;
			buildActionMask = 2147483647;
			files = (
				042FE5FEF5ABEE9292B5B851 /* Pods_Cookies.framework in Frameworks */,
			);
			runOnlyForDeploymentPostprocessing = 0;
		};
		6FB2B78A28C2E8B30015331B /* Frameworks */ = {
			isa = PBXFrameworksBuildPhase;
			buildActionMask = 2147483647;
			files = (
				F6CD0B58B3B7CA3C16696008 /* Pods_CookiesTests.framework in Frameworks */,
			);
			runOnlyForDeploymentPostprocessing = 0;
		};
		6FB2B79428C2E8B30015331B /* Frameworks */ = {
			isa = PBXFrameworksBuildPhase;
			buildActionMask = 2147483647;
			files = (
				331EA25EEA6F57F555B2DB13 /* Pods_Cookies_CookiesUITests.framework in Frameworks */,
			);
			runOnlyForDeploymentPostprocessing = 0;
		};
/* End PBXFrameworksBuildPhase section */

/* Begin PBXGroup section */
		33E116DCB1E388FB82C461CB /* Frameworks */ = {
			isa = PBXGroup;
			children = (
				9CF61FF7469240FF30188976 /* Pods_Cookies.framework */,
				825EB6E71034BB775AC625B8 /* Pods_Cookies_CookiesUITests.framework */,
				C495CFD2147E5E771DF99D24 /* Pods_CookiesTests.framework */,
			);
			name = Frameworks;
			sourceTree = "<group>";
		};
		3C453D7E28C3576B00D4ADF3 /* Share */ = {
			isa = PBXGroup;
			children = (
				3C453D7F28C3576B00D4ADF3 /* CookieToast.swift */,
			);
			path = Share;
			sourceTree = "<group>";
		};
		3C453D8328C37F2F00D4ADF3 /* Confirm */ = {
			isa = PBXGroup;
			children = (
				3C453D8428C3815300D4ADF3 /* CheckCookieView.swift */,
			);
			path = Confirm;
			sourceTree = "<group>";
		};
		3C453D8628C3929F00D4ADF3 /* Font */ = {
			isa = PBXGroup;
			children = (
				3C453D9328C392D300D4ADF3 /* UIFont+.swift */,
				3C453D8728C3929F00D4ADF3 /* Pretendard-Regular.otf */,
				3C453D8828C3929F00D4ADF3 /* Pretendard-Black.otf */,
				3C453D8928C3929F00D4ADF3 /* Pretendard-Medium.otf */,
				3C453D8A28C3929F00D4ADF3 /* Pretendard-ExtraBold.otf */,
				3C453D8B28C3929F00D4ADF3 /* Pretendard-Bold.otf */,
				3C453D8C28C3929F00D4ADF3 /* Pretendard-SemiBold.otf */,
			);
			path = Font;
			sourceTree = "<group>";
		};
		63736979E36208536D0CD9F9 /* Pods */ = {
			isa = PBXGroup;
			children = (
				772B9DB124CFA17FC457955E /* Pods-Cookies.debug.xcconfig */,
				460B4154820812C3D67A7961 /* Pods-Cookies.release.xcconfig */,
				F6593552E4F8302B00F060E9 /* Pods-Cookies-CookiesUITests.debug.xcconfig */,
				EF885F1123DF26CE2DE7EC83 /* Pods-Cookies-CookiesUITests.release.xcconfig */,
				E4D206DD8B631EAB94459247 /* Pods-CookiesTests.debug.xcconfig */,
				6460C65FCE166EC0D0255295 /* Pods-CookiesTests.release.xcconfig */,
			);
			path = Pods;
			sourceTree = "<group>";
		};
		6F2E374228C35EE000823563 /* View */ = {
			isa = PBXGroup;
			children = (
				6F2E374328C35EE800823563 /* WriteView.swift */,
				6F2E374528C35EEE00823563 /* WriteView.xib */,
			);
			path = View;
			sourceTree = "<group>";
		};
		6F2FE35328C38AFF0080EFDE /* DelegateProxy */ = {
			isa = PBXGroup;
			children = (
				6F2FE35428C38B0E0080EFDE /* RxNMFMapViewDelegateProxy.swift */,
				6F2FE35628C38BA60080EFDE /* Rx+NMFMapview.swift */,
				6F2FE35828C395540080EFDE /* RxCLLocationDelegateProxy.swift */,
			);
			path = DelegateProxy;
			sourceTree = "<group>";
		};
		6F2FE35E28C39AFA0080EFDE /* Service */ = {
			isa = PBXGroup;
			children = (
				6F2FE35F28C39B0B0080EFDE /* APIServiceProtocol.swift */,
				6F2FE36728C3A3A10080EFDE /* APIService.swift */,
			);
			path = Service;
			sourceTree = "<group>";
		};
		6F2FE36228C39B530080EFDE /* Model */ = {
			isa = PBXGroup;
			children = (
				6F2FE36328C39B5E0080EFDE /* Model.swift */,
				6F2FE36528C39B7D0080EFDE /* Model.Letter.swift */,
			);
			path = Model;
			sourceTree = "<group>";
		};
		6F6A1BD428C338E500731B75 /* Write */ = {
			isa = PBXGroup;
			children = (
				6F2E374228C35EE000823563 /* View */,
			);
			path = Write;
			sourceTree = "<group>";
		};
		6F6A1BD928C33B5E00731B75 /* Alert */ = {
			isa = PBXGroup;
			children = (
				6F6A1BD528C338F900731B75 /* AlertViewController.swift */,
				6F6A1BD728C3391200731B75 /* Alert.storyboard */,
			);
			path = Alert;
			sourceTree = "<group>";
		};
		6F72CD1128C2F5A60038BC32 /* API */ = {
			isa = PBXGroup;
			children = (
				6F72CD2228C2FCC40038BC32 /* CookieDomain.swift */,
				6F72CD1228C2F5AE0038BC32 /* API.swift */,
				6F72CD2428C2FDF10038BC32 /* MockError.swift */,
				6F2FE35E28C39AFA0080EFDE /* Service */,
			);
			path = API;
			sourceTree = "<group>";
		};
		6F72CD1428C2F5CE0038BC32 /* Common */ = {
			isa = PBXGroup;
			children = (
				3C453D8628C3929F00D4ADF3 /* Font */,
				6F2FE35328C38AFF0080EFDE /* DelegateProxy */,
				3C453D7E28C3576B00D4ADF3 /* Share */,
				6FC8D3B228C31739000A9125 /* Protocol */,
				6FC8D3AF28C313C5000A9125 /* Utility */,
				6FC8D3A728C31233000A9125 /* Transition */,
				6F72CD1F28C2FBD40038BC32 /* APIConfig */,
			);
			path = Common;
			sourceTree = "<group>";
		};
		6F72CD1F28C2FBD40038BC32 /* APIConfig */ = {
			isa = PBXGroup;
			children = (
				6F72CD1528C2F5D70038BC32 /* APIConfig.swift */,
				6F72CD1D28C2FB550038BC32 /* APIError.swift */,
				6F72CD1728C2FA520038BC32 /* APIConfig+Request.swift */,
				6F72CD1928C2FADE0038BC32 /* APIConfig+Error.swift */,
				6F72CD1B28C2FAFB0038BC32 /* API.Parameter.swift */,
				6F72CD2028C2FBDF0038BC32 /* APIError.Code.swift */,
			);
			path = APIConfig;
			sourceTree = "<group>";
		};
		6FB2B76E28C2E8B10015331B = {
			isa = PBXGroup;
			children = (
				6FB2B77928C2E8B10015331B /* Cookies */,
				6FB2B79028C2E8B30015331B /* CookiesTests */,
				6FB2B79A28C2E8B30015331B /* CookiesUITests */,
				6FB2B77828C2E8B10015331B /* Products */,
				63736979E36208536D0CD9F9 /* Pods */,
				33E116DCB1E388FB82C461CB /* Frameworks */,
			);
			sourceTree = "<group>";
		};
		6FB2B77828C2E8B10015331B /* Products */ = {
			isa = PBXGroup;
			children = (
				6FB2B77728C2E8B10015331B /* Cookies.app */,
				6FB2B78D28C2E8B30015331B /* CookiesTests.xctest */,
				6FB2B79728C2E8B30015331B /* CookiesUITests.xctest */,
			);
			name = Products;
			sourceTree = "<group>";
		};
		6FB2B77928C2E8B10015331B /* Cookies */ = {
			isa = PBXGroup;
			children = (
				6F72CD1428C2F5CE0038BC32 /* Common */,
				6F2FE36228C39B530080EFDE /* Model */,
				6F72CD1128C2F5A60038BC32 /* API */,
				6FC8D3AA28C31277000A9125 /* Scene */,
				6FB2B77A28C2E8B10015331B /* AppDelegate.swift */,
				6FB2B77C28C2E8B10015331B /* SceneDelegate.swift */,
				6FB2B77E28C2E8B10015331B /* ViewController.swift */,
				6F72CD0F28C2F1B90038BC32 /* Viewmodel.swift */,
				6FB2B78028C2E8B10015331B /* Main.storyboard */,
				6FB2B78328C2E8B30015331B /* Assets.xcassets */,
				6FB2B78528C2E8B30015331B /* LaunchScreen.storyboard */,
				6FB2B78828C2E8B30015331B /* Info.plist */,
			);
			path = Cookies;
			sourceTree = "<group>";
		};
		6FB2B79028C2E8B30015331B /* CookiesTests */ = {
			isa = PBXGroup;
			children = (
				6FB2B79128C2E8B30015331B /* CookiesTests.swift */,
			);
			path = CookiesTests;
			sourceTree = "<group>";
		};
		6FB2B79A28C2E8B30015331B /* CookiesUITests */ = {
			isa = PBXGroup;
			children = (
				6FB2B79B28C2E8B30015331B /* CookiesUITests.swift */,
				6FB2B79D28C2E8B30015331B /* CookiesUITestsLaunchTests.swift */,
			);
			path = CookiesUITests;
			sourceTree = "<group>";
		};
		6FC8D3A728C31233000A9125 /* Transition */ = {
			isa = PBXGroup;
			children = (
				6FC8D3A828C3123F000A9125 /* CookiesTransition.swift */,
				6FC8D3B028C31544000A9125 /* CookiesScene.swift */,
				6FC8D3CB28C3320F000A9125 /* TransitionDelegate.swift */,
			);
			path = Transition;
			sourceTree = "<group>";
		};
		6FC8D3AA28C31277000A9125 /* Scene */ = {
			isa = PBXGroup;
			children = (
				6FC8D3AB28C31294000A9125 /* CKRootViewController.swift */,
				6F6A1BD928C33B5E00731B75 /* Alert */,
				6FC8D3CF28C33263000A9125 /* Guide */,
				6FC8D3B528C31C16000A9125 /* Home */,
				6F6A1BD428C338E500731B75 /* Write */,
				3C453D8328C37F2F00D4ADF3 /* Confirm */,
			);
			path = Scene;
			sourceTree = "<group>";
		};
		6FC8D3AF28C313C5000A9125 /* Utility */ = {
			isa = PBXGroup;
			children = (
				6FC8D3AD28C313C0000A9125 /* VCFactory.swift */,
				6FC8D3BA28C320C9000A9125 /* UIView+.swift */,
				6FC8D3C128C3288F000A9125 /* UIView+Layout.swift */,
				6FC8D3C328C328C6000A9125 /* NSObject+.swift */,
				6F2E374728C3616500823563 /* UIMonad.swift */,
			);
			path = Utility;
			sourceTree = "<group>";
		};
		6FC8D3B228C31739000A9125 /* Protocol */ = {
			isa = PBXGroup;
			children = (
				6FC8D3B328C31752000A9125 /* CookieEmbeddable.swift */,
			);
			path = Protocol;
			sourceTree = "<group>";
		};
		6FC8D3B528C31C16000A9125 /* Home */ = {
			isa = PBXGroup;
			children = (
				6FC8D3B628C31C2E000A9125 /* HomeViewController.swift */,
				6F2FE35C28C39A8E0080EFDE /* HomeViewModel.swift */,
				6FC8D3B828C31FFD000A9125 /* HomeViewController+Gesture.swift */,
				6FC8D3BC28C3278B000A9125 /* View */,
			);
			path = Home;
			sourceTree = "<group>";
		};
		6FC8D3BC28C3278B000A9125 /* View */ = {
			isa = PBXGroup;
			children = (
				6FC8D3BD28C327A0000A9125 /* CookieView.swift */,
				6FC8D3BF28C327A9000A9125 /* CookieView.xib */,
				6F2E373E28C34D3400823563 /* BottomMenuView.swift */,
				6F2E374028C34D3D00823563 /* BottomMenuView.xib */,
			);
			path = View;
			sourceTree = "<group>";
		};
		6FC8D3CF28C33263000A9125 /* Guide */ = {
			isa = PBXGroup;
			children = (
				6FC8D3CD28C3325D000A9125 /* GuideViewController.swift */,
			);
			path = Guide;
			sourceTree = "<group>";
		};
/* End PBXGroup section */

/* Begin PBXNativeTarget section */
		6FB2B77628C2E8B10015331B /* Cookies */ = {
			isa = PBXNativeTarget;
			buildConfigurationList = 6FB2B7A128C2E8B30015331B /* Build configuration list for PBXNativeTarget "Cookies" */;
			buildPhases = (
				F056AFD5C725E81A81907E6C /* [CP] Check Pods Manifest.lock */,
				6FB2B77328C2E8B10015331B /* Sources */,
				6FB2B77428C2E8B10015331B /* Frameworks */,
				6FB2B77528C2E8B10015331B /* Resources */,
				CE1BDAB8451D78450E9D9A21 /* [CP] Embed Pods Frameworks */,
			);
			buildRules = (
			);
			dependencies = (
			);
			name = Cookies;
			productName = Cookies;
			productReference = 6FB2B77728C2E8B10015331B /* Cookies.app */;
			productType = "com.apple.product-type.application";
		};
		6FB2B78C28C2E8B30015331B /* CookiesTests */ = {
			isa = PBXNativeTarget;
			buildConfigurationList = 6FB2B7A428C2E8B30015331B /* Build configuration list for PBXNativeTarget "CookiesTests" */;
			buildPhases = (
				37CDAA9C40538B8049D864D2 /* [CP] Check Pods Manifest.lock */,
				6FB2B78928C2E8B30015331B /* Sources */,
				6FB2B78A28C2E8B30015331B /* Frameworks */,
				6FB2B78B28C2E8B30015331B /* Resources */,
			);
			buildRules = (
			);
			dependencies = (
				6FB2B78F28C2E8B30015331B /* PBXTargetDependency */,
			);
			name = CookiesTests;
			productName = CookiesTests;
			productReference = 6FB2B78D28C2E8B30015331B /* CookiesTests.xctest */;
			productType = "com.apple.product-type.bundle.unit-test";
		};
		6FB2B79628C2E8B30015331B /* CookiesUITests */ = {
			isa = PBXNativeTarget;
			buildConfigurationList = 6FB2B7A728C2E8B30015331B /* Build configuration list for PBXNativeTarget "CookiesUITests" */;
			buildPhases = (
				A58A32154C1DB2C37C71169F /* [CP] Check Pods Manifest.lock */,
				6FB2B79328C2E8B30015331B /* Sources */,
				6FB2B79428C2E8B30015331B /* Frameworks */,
				6FB2B79528C2E8B30015331B /* Resources */,
				1AB1FD2C9E98DDC4F53380F5 /* [CP] Embed Pods Frameworks */,
			);
			buildRules = (
			);
			dependencies = (
				6FB2B79928C2E8B30015331B /* PBXTargetDependency */,
			);
			name = CookiesUITests;
			productName = CookiesUITests;
			productReference = 6FB2B79728C2E8B30015331B /* CookiesUITests.xctest */;
			productType = "com.apple.product-type.bundle.ui-testing";
		};
/* End PBXNativeTarget section */

/* Begin PBXProject section */
		6FB2B76F28C2E8B10015331B /* Project object */ = {
			isa = PBXProject;
			attributes = {
				BuildIndependentTargetsInParallel = 1;
				LastSwiftUpdateCheck = 1330;
				LastUpgradeCheck = 1330;
				TargetAttributes = {
					6FB2B77628C2E8B10015331B = {
						CreatedOnToolsVersion = 13.3.1;
					};
					6FB2B78C28C2E8B30015331B = {
						CreatedOnToolsVersion = 13.3.1;
						TestTargetID = 6FB2B77628C2E8B10015331B;
					};
					6FB2B79628C2E8B30015331B = {
						CreatedOnToolsVersion = 13.3.1;
						TestTargetID = 6FB2B77628C2E8B10015331B;
					};
				};
			};
			buildConfigurationList = 6FB2B77228C2E8B10015331B /* Build configuration list for PBXProject "Cookies" */;
			compatibilityVersion = "Xcode 13.0";
			developmentRegion = en;
			hasScannedForEncodings = 0;
			knownRegions = (
				en,
				Base,
			);
			mainGroup = 6FB2B76E28C2E8B10015331B;
			productRefGroup = 6FB2B77828C2E8B10015331B /* Products */;
			projectDirPath = "";
			projectRoot = "";
			targets = (
				6FB2B77628C2E8B10015331B /* Cookies */,
				6FB2B78C28C2E8B30015331B /* CookiesTests */,
				6FB2B79628C2E8B30015331B /* CookiesUITests */,
			);
		};
/* End PBXProject section */

/* Begin PBXResourcesBuildPhase section */
		6FB2B77528C2E8B10015331B /* Resources */ = {
			isa = PBXResourcesBuildPhase;
			buildActionMask = 2147483647;
			files = (
				6FC8D3C028C327A9000A9125 /* CookieView.xib in Resources */,
				3C453D9128C3929F00D4ADF3 /* Pretendard-Bold.otf in Resources */,
				3C453D8F28C3929F00D4ADF3 /* Pretendard-Medium.otf in Resources */,
				3C453D9228C3929F00D4ADF3 /* Pretendard-SemiBold.otf in Resources */,
				6F6A1BD828C3391200731B75 /* Alert.storyboard in Resources */,
				6FB2B78728C2E8B30015331B /* LaunchScreen.storyboard in Resources */,
				6F2E374628C35EEE00823563 /* WriteView.xib in Resources */,
				3C453D8E28C3929F00D4ADF3 /* Pretendard-Black.otf in Resources */,
				3C453D9028C3929F00D4ADF3 /* Pretendard-ExtraBold.otf in Resources */,
				6FB2B78428C2E8B30015331B /* Assets.xcassets in Resources */,
				3C453D8D28C3929F00D4ADF3 /* Pretendard-Regular.otf in Resources */,
				6F2E374128C34D3D00823563 /* BottomMenuView.xib in Resources */,
				6FB2B78228C2E8B10015331B /* Main.storyboard in Resources */,
			);
			runOnlyForDeploymentPostprocessing = 0;
		};
		6FB2B78B28C2E8B30015331B /* Resources */ = {
			isa = PBXResourcesBuildPhase;
			buildActionMask = 2147483647;
			files = (
			);
			runOnlyForDeploymentPostprocessing = 0;
		};
		6FB2B79528C2E8B30015331B /* Resources */ = {
			isa = PBXResourcesBuildPhase;
			buildActionMask = 2147483647;
			files = (
			);
			runOnlyForDeploymentPostprocessing = 0;
		};
/* End PBXResourcesBuildPhase section */

/* Begin PBXShellScriptBuildPhase section */
		1AB1FD2C9E98DDC4F53380F5 /* [CP] Embed Pods Frameworks */ = {
			isa = PBXShellScriptBuildPhase;
			buildActionMask = 2147483647;
			files = (
			);
			inputFileListPaths = (
				"${PODS_ROOT}/Target Support Files/Pods-Cookies-CookiesUITests/Pods-Cookies-CookiesUITests-frameworks-${CONFIGURATION}-input-files.xcfilelist",
			);
			name = "[CP] Embed Pods Frameworks";
			outputFileListPaths = (
				"${PODS_ROOT}/Target Support Files/Pods-Cookies-CookiesUITests/Pods-Cookies-CookiesUITests-frameworks-${CONFIGURATION}-output-files.xcfilelist",
			);
			runOnlyForDeploymentPostprocessing = 0;
			shellPath = /bin/sh;
			shellScript = "\"${PODS_ROOT}/Target Support Files/Pods-Cookies-CookiesUITests/Pods-Cookies-CookiesUITests-frameworks.sh\"\n";
			showEnvVarsInLog = 0;
		};
		37CDAA9C40538B8049D864D2 /* [CP] Check Pods Manifest.lock */ = {
			isa = PBXShellScriptBuildPhase;
			buildActionMask = 2147483647;
			files = (
			);
			inputFileListPaths = (
			);
			inputPaths = (
				"${PODS_PODFILE_DIR_PATH}/Podfile.lock",
				"${PODS_ROOT}/Manifest.lock",
			);
			name = "[CP] Check Pods Manifest.lock";
			outputFileListPaths = (
			);
			outputPaths = (
				"$(DERIVED_FILE_DIR)/Pods-CookiesTests-checkManifestLockResult.txt",
			);
			runOnlyForDeploymentPostprocessing = 0;
			shellPath = /bin/sh;
			shellScript = "diff \"${PODS_PODFILE_DIR_PATH}/Podfile.lock\" \"${PODS_ROOT}/Manifest.lock\" > /dev/null\nif [ $? != 0 ] ; then\n    # print error to STDERR\n    echo \"error: The sandbox is not in sync with the Podfile.lock. Run 'pod install' or update your CocoaPods installation.\" >&2\n    exit 1\nfi\n# This output is used by Xcode 'outputs' to avoid re-running this script phase.\necho \"SUCCESS\" > \"${SCRIPT_OUTPUT_FILE_0}\"\n";
			showEnvVarsInLog = 0;
		};
		A58A32154C1DB2C37C71169F /* [CP] Check Pods Manifest.lock */ = {
			isa = PBXShellScriptBuildPhase;
			buildActionMask = 2147483647;
			files = (
			);
			inputFileListPaths = (
			);
			inputPaths = (
				"${PODS_PODFILE_DIR_PATH}/Podfile.lock",
				"${PODS_ROOT}/Manifest.lock",
			);
			name = "[CP] Check Pods Manifest.lock";
			outputFileListPaths = (
			);
			outputPaths = (
				"$(DERIVED_FILE_DIR)/Pods-Cookies-CookiesUITests-checkManifestLockResult.txt",
			);
			runOnlyForDeploymentPostprocessing = 0;
			shellPath = /bin/sh;
			shellScript = "diff \"${PODS_PODFILE_DIR_PATH}/Podfile.lock\" \"${PODS_ROOT}/Manifest.lock\" > /dev/null\nif [ $? != 0 ] ; then\n    # print error to STDERR\n    echo \"error: The sandbox is not in sync with the Podfile.lock. Run 'pod install' or update your CocoaPods installation.\" >&2\n    exit 1\nfi\n# This output is used by Xcode 'outputs' to avoid re-running this script phase.\necho \"SUCCESS\" > \"${SCRIPT_OUTPUT_FILE_0}\"\n";
			showEnvVarsInLog = 0;
		};
		CE1BDAB8451D78450E9D9A21 /* [CP] Embed Pods Frameworks */ = {
			isa = PBXShellScriptBuildPhase;
			buildActionMask = 2147483647;
			files = (
			);
			inputFileListPaths = (
				"${PODS_ROOT}/Target Support Files/Pods-Cookies/Pods-Cookies-frameworks-${CONFIGURATION}-input-files.xcfilelist",
			);
			name = "[CP] Embed Pods Frameworks";
			outputFileListPaths = (
				"${PODS_ROOT}/Target Support Files/Pods-Cookies/Pods-Cookies-frameworks-${CONFIGURATION}-output-files.xcfilelist",
			);
			runOnlyForDeploymentPostprocessing = 0;
			shellPath = /bin/sh;
			shellScript = "\"${PODS_ROOT}/Target Support Files/Pods-Cookies/Pods-Cookies-frameworks.sh\"\n";
			showEnvVarsInLog = 0;
		};
		F056AFD5C725E81A81907E6C /* [CP] Check Pods Manifest.lock */ = {
			isa = PBXShellScriptBuildPhase;
			buildActionMask = 2147483647;
			files = (
			);
			inputFileListPaths = (
			);
			inputPaths = (
				"${PODS_PODFILE_DIR_PATH}/Podfile.lock",
				"${PODS_ROOT}/Manifest.lock",
			);
			name = "[CP] Check Pods Manifest.lock";
			outputFileListPaths = (
			);
			outputPaths = (
				"$(DERIVED_FILE_DIR)/Pods-Cookies-checkManifestLockResult.txt",
			);
			runOnlyForDeploymentPostprocessing = 0;
			shellPath = /bin/sh;
			shellScript = "diff \"${PODS_PODFILE_DIR_PATH}/Podfile.lock\" \"${PODS_ROOT}/Manifest.lock\" > /dev/null\nif [ $? != 0 ] ; then\n    # print error to STDERR\n    echo \"error: The sandbox is not in sync with the Podfile.lock. Run 'pod install' or update your CocoaPods installation.\" >&2\n    exit 1\nfi\n# This output is used by Xcode 'outputs' to avoid re-running this script phase.\necho \"SUCCESS\" > \"${SCRIPT_OUTPUT_FILE_0}\"\n";
			showEnvVarsInLog = 0;
		};
/* End PBXShellScriptBuildPhase section */

/* Begin PBXSourcesBuildPhase section */
		6FB2B77328C2E8B10015331B /* Sources */ = {
			isa = PBXSourcesBuildPhase;
			buildActionMask = 2147483647;
			files = (
				6F6A1BD628C338F900731B75 /* AlertViewController.swift in Sources */,
				6FC8D3AC28C31294000A9125 /* CKRootViewController.swift in Sources */,
				6FB2B77F28C2E8B10015331B /* ViewController.swift in Sources */,
				3C453D8528C3815300D4ADF3 /* CheckCookieView.swift in Sources */,
				6FC8D3B728C31C2E000A9125 /* HomeViewController.swift in Sources */,
				6F2FE36628C39B7D0080EFDE /* Model.Letter.swift in Sources */,
				6F72CD2128C2FBDF0038BC32 /* APIError.Code.swift in Sources */,
				3C453D8028C3576B00D4ADF3 /* CookieToast.swift in Sources */,
				6F2E374828C3616500823563 /* UIMonad.swift in Sources */,
				6FC8D3BE28C327A0000A9125 /* CookieView.swift in Sources */,
				6FB2B77B28C2E8B10015331B /* AppDelegate.swift in Sources */,
				6F2FE35928C395540080EFDE /* RxCLLocationDelegateProxy.swift in Sources */,
				6F72CD1628C2F5D70038BC32 /* APIConfig.swift in Sources */,
				6F2FE36428C39B5E0080EFDE /* Model.swift in Sources */,
				6F72CD1E28C2FB550038BC32 /* APIError.swift in Sources */,
				6F72CD1028C2F1B90038BC32 /* Viewmodel.swift in Sources */,
				6FB2B77D28C2E8B10015331B /* SceneDelegate.swift in Sources */,
				6F2E374428C35EE800823563 /* WriteView.swift in Sources */,
				6FC8D3CE28C3325D000A9125 /* GuideViewController.swift in Sources */,
				6FC8D3BB28C320C9000A9125 /* UIView+.swift in Sources */,
				6F72CD2328C2FCC40038BC32 /* CookieDomain.swift in Sources */,
				6FC8D3C228C3288F000A9125 /* UIView+Layout.swift in Sources */,
				6FC8D3C428C328C6000A9125 /* NSObject+.swift in Sources */,
				6F2FE36828C3A3A10080EFDE /* APIService.swift in Sources */,
				6F2E373F28C34D3400823563 /* BottomMenuView.swift in Sources */,
				6FC8D3B928C31FFD000A9125 /* HomeViewController+Gesture.swift in Sources */,
				3C453D9428C392D300D4ADF3 /* UIFont+.swift in Sources */,
				6F72CD1A28C2FADE0038BC32 /* APIConfig+Error.swift in Sources */,
				6F2FE35D28C39A8E0080EFDE /* HomeViewModel.swift in Sources */,
				6FC8D3CC28C3320F000A9125 /* TransitionDelegate.swift in Sources */,
				6F72CD1C28C2FAFB0038BC32 /* API.Parameter.swift in Sources */,
				6FC8D3AE28C313C0000A9125 /* VCFactory.swift in Sources */,
				6F72CD1328C2F5AE0038BC32 /* API.swift in Sources */,
				6FC8D3B128C31544000A9125 /* CookiesScene.swift in Sources */,
				6F2FE35528C38B0E0080EFDE /* RxNMFMapViewDelegateProxy.swift in Sources */,
				6F72CD1828C2FA520038BC32 /* APIConfig+Request.swift in Sources */,
				6F2FE35728C38BA60080EFDE /* Rx+NMFMapview.swift in Sources */,
				6FC8D3A928C3123F000A9125 /* CookiesTransition.swift in Sources */,
				6FC8D3B428C31752000A9125 /* CookieEmbeddable.swift in Sources */,
				6F2FE36028C39B0B0080EFDE /* APIServiceProtocol.swift in Sources */,
				6F72CD2528C2FDF10038BC32 /* MockError.swift in Sources */,
			);
			runOnlyForDeploymentPostprocessing = 0;
		};
		6FB2B78928C2E8B30015331B /* Sources */ = {
			isa = PBXSourcesBuildPhase;
			buildActionMask = 2147483647;
			files = (
				6FB2B79228C2E8B30015331B /* CookiesTests.swift in Sources */,
			);
			runOnlyForDeploymentPostprocessing = 0;
		};
		6FB2B79328C2E8B30015331B /* Sources */ = {
			isa = PBXSourcesBuildPhase;
			buildActionMask = 2147483647;
			files = (
				6FB2B79E28C2E8B30015331B /* CookiesUITestsLaunchTests.swift in Sources */,
				6FB2B79C28C2E8B30015331B /* CookiesUITests.swift in Sources */,
			);
			runOnlyForDeploymentPostprocessing = 0;
		};
/* End PBXSourcesBuildPhase section */

/* Begin PBXTargetDependency section */
		6FB2B78F28C2E8B30015331B /* PBXTargetDependency */ = {
			isa = PBXTargetDependency;
			target = 6FB2B77628C2E8B10015331B /* Cookies */;
			targetProxy = 6FB2B78E28C2E8B30015331B /* PBXContainerItemProxy */;
		};
		6FB2B79928C2E8B30015331B /* PBXTargetDependency */ = {
			isa = PBXTargetDependency;
			target = 6FB2B77628C2E8B10015331B /* Cookies */;
			targetProxy = 6FB2B79828C2E8B30015331B /* PBXContainerItemProxy */;
		};
/* End PBXTargetDependency section */

/* Begin PBXVariantGroup section */
		6FB2B78028C2E8B10015331B /* Main.storyboard */ = {
			isa = PBXVariantGroup;
			children = (
				6FB2B78128C2E8B10015331B /* Base */,
			);
			name = Main.storyboard;
			sourceTree = "<group>";
		};
		6FB2B78528C2E8B30015331B /* LaunchScreen.storyboard */ = {
			isa = PBXVariantGroup;
			children = (
				6FB2B78628C2E8B30015331B /* Base */,
			);
			name = LaunchScreen.storyboard;
			sourceTree = "<group>";
		};
/* End PBXVariantGroup section */

/* Begin XCBuildConfiguration section */
		6FB2B79F28C2E8B30015331B /* Debug */ = {
			isa = XCBuildConfiguration;
			buildSettings = {
				ALWAYS_SEARCH_USER_PATHS = NO;
				CLANG_ANALYZER_NONNULL = YES;
				CLANG_ANALYZER_NUMBER_OBJECT_CONVERSION = YES_AGGRESSIVE;
				CLANG_CXX_LANGUAGE_STANDARD = "gnu++17";
				CLANG_ENABLE_MODULES = YES;
				CLANG_ENABLE_OBJC_ARC = YES;
				CLANG_ENABLE_OBJC_WEAK = YES;
				CLANG_WARN_BLOCK_CAPTURE_AUTORELEASING = YES;
				CLANG_WARN_BOOL_CONVERSION = YES;
				CLANG_WARN_COMMA = YES;
				CLANG_WARN_CONSTANT_CONVERSION = YES;
				CLANG_WARN_DEPRECATED_OBJC_IMPLEMENTATIONS = YES;
				CLANG_WARN_DIRECT_OBJC_ISA_USAGE = YES_ERROR;
				CLANG_WARN_DOCUMENTATION_COMMENTS = YES;
				CLANG_WARN_EMPTY_BODY = YES;
				CLANG_WARN_ENUM_CONVERSION = YES;
				CLANG_WARN_INFINITE_RECURSION = YES;
				CLANG_WARN_INT_CONVERSION = YES;
				CLANG_WARN_NON_LITERAL_NULL_CONVERSION = YES;
				CLANG_WARN_OBJC_IMPLICIT_RETAIN_SELF = YES;
				CLANG_WARN_OBJC_LITERAL_CONVERSION = YES;
				CLANG_WARN_OBJC_ROOT_CLASS = YES_ERROR;
				CLANG_WARN_QUOTED_INCLUDE_IN_FRAMEWORK_HEADER = YES;
				CLANG_WARN_RANGE_LOOP_ANALYSIS = YES;
				CLANG_WARN_STRICT_PROTOTYPES = YES;
				CLANG_WARN_SUSPICIOUS_MOVE = YES;
				CLANG_WARN_UNGUARDED_AVAILABILITY = YES_AGGRESSIVE;
				CLANG_WARN_UNREACHABLE_CODE = YES;
				CLANG_WARN__DUPLICATE_METHOD_MATCH = YES;
				COPY_PHASE_STRIP = NO;
				DEBUG_INFORMATION_FORMAT = dwarf;
				ENABLE_STRICT_OBJC_MSGSEND = YES;
				ENABLE_TESTABILITY = YES;
				GCC_C_LANGUAGE_STANDARD = gnu11;
				GCC_DYNAMIC_NO_PIC = NO;
				GCC_NO_COMMON_BLOCKS = YES;
				GCC_OPTIMIZATION_LEVEL = 0;
				GCC_PREPROCESSOR_DEFINITIONS = (
					"DEBUG=1",
					"$(inherited)",
				);
				GCC_WARN_64_TO_32_BIT_CONVERSION = YES;
				GCC_WARN_ABOUT_RETURN_TYPE = YES_ERROR;
				GCC_WARN_UNDECLARED_SELECTOR = YES;
				GCC_WARN_UNINITIALIZED_AUTOS = YES_AGGRESSIVE;
				GCC_WARN_UNUSED_FUNCTION = YES;
				GCC_WARN_UNUSED_VARIABLE = YES;
				IPHONEOS_DEPLOYMENT_TARGET = 15.4;
				MTL_ENABLE_DEBUG_INFO = INCLUDE_SOURCE;
				MTL_FAST_MATH = YES;
				ONLY_ACTIVE_ARCH = YES;
				SDKROOT = iphoneos;
				SWIFT_ACTIVE_COMPILATION_CONDITIONS = DEBUG;
				SWIFT_OPTIMIZATION_LEVEL = "-Onone";
			};
			name = Debug;
		};
		6FB2B7A028C2E8B30015331B /* Release */ = {
			isa = XCBuildConfiguration;
			buildSettings = {
				ALWAYS_SEARCH_USER_PATHS = NO;
				CLANG_ANALYZER_NONNULL = YES;
				CLANG_ANALYZER_NUMBER_OBJECT_CONVERSION = YES_AGGRESSIVE;
				CLANG_CXX_LANGUAGE_STANDARD = "gnu++17";
				CLANG_ENABLE_MODULES = YES;
				CLANG_ENABLE_OBJC_ARC = YES;
				CLANG_ENABLE_OBJC_WEAK = YES;
				CLANG_WARN_BLOCK_CAPTURE_AUTORELEASING = YES;
				CLANG_WARN_BOOL_CONVERSION = YES;
				CLANG_WARN_COMMA = YES;
				CLANG_WARN_CONSTANT_CONVERSION = YES;
				CLANG_WARN_DEPRECATED_OBJC_IMPLEMENTATIONS = YES;
				CLANG_WARN_DIRECT_OBJC_ISA_USAGE = YES_ERROR;
				CLANG_WARN_DOCUMENTATION_COMMENTS = YES;
				CLANG_WARN_EMPTY_BODY = YES;
				CLANG_WARN_ENUM_CONVERSION = YES;
				CLANG_WARN_INFINITE_RECURSION = YES;
				CLANG_WARN_INT_CONVERSION = YES;
				CLANG_WARN_NON_LITERAL_NULL_CONVERSION = YES;
				CLANG_WARN_OBJC_IMPLICIT_RETAIN_SELF = YES;
				CLANG_WARN_OBJC_LITERAL_CONVERSION = YES;
				CLANG_WARN_OBJC_ROOT_CLASS = YES_ERROR;
				CLANG_WARN_QUOTED_INCLUDE_IN_FRAMEWORK_HEADER = YES;
				CLANG_WARN_RANGE_LOOP_ANALYSIS = YES;
				CLANG_WARN_STRICT_PROTOTYPES = YES;
				CLANG_WARN_SUSPICIOUS_MOVE = YES;
				CLANG_WARN_UNGUARDED_AVAILABILITY = YES_AGGRESSIVE;
				CLANG_WARN_UNREACHABLE_CODE = YES;
				CLANG_WARN__DUPLICATE_METHOD_MATCH = YES;
				COPY_PHASE_STRIP = NO;
				DEBUG_INFORMATION_FORMAT = "dwarf-with-dsym";
				ENABLE_NS_ASSERTIONS = NO;
				ENABLE_STRICT_OBJC_MSGSEND = YES;
				GCC_C_LANGUAGE_STANDARD = gnu11;
				GCC_NO_COMMON_BLOCKS = YES;
				GCC_WARN_64_TO_32_BIT_CONVERSION = YES;
				GCC_WARN_ABOUT_RETURN_TYPE = YES_ERROR;
				GCC_WARN_UNDECLARED_SELECTOR = YES;
				GCC_WARN_UNINITIALIZED_AUTOS = YES_AGGRESSIVE;
				GCC_WARN_UNUSED_FUNCTION = YES;
				GCC_WARN_UNUSED_VARIABLE = YES;
				IPHONEOS_DEPLOYMENT_TARGET = 15.4;
				MTL_ENABLE_DEBUG_INFO = NO;
				MTL_FAST_MATH = YES;
				SDKROOT = iphoneos;
				SWIFT_COMPILATION_MODE = wholemodule;
				SWIFT_OPTIMIZATION_LEVEL = "-O";
				VALIDATE_PRODUCT = YES;
			};
			name = Release;
		};
		6FB2B7A228C2E8B30015331B /* Debug */ = {
			isa = XCBuildConfiguration;
			baseConfigurationReference = 772B9DB124CFA17FC457955E /* Pods-Cookies.debug.xcconfig */;
			buildSettings = {
				ASSETCATALOG_COMPILER_APPICON_NAME = AppIcon;
				ASSETCATALOG_COMPILER_GLOBAL_ACCENT_COLOR_NAME = AccentColor;
				CODE_SIGN_IDENTITY = "iPhone Developer";
				CODE_SIGN_STYLE = Manual;
				CURRENT_PROJECT_VERSION = 1;
				DEVELOPMENT_TEAM = 594TR8CRP9;
				EXCLUDED_ARCHS = "";
				GENERATE_INFOPLIST_FILE = YES;
				INFOPLIST_FILE = Cookies/Info.plist;
				INFOPLIST_KEY_UIApplicationSupportsIndirectInputEvents = YES;
				INFOPLIST_KEY_UILaunchStoryboardName = LaunchScreen;
				INFOPLIST_KEY_UIMainStoryboardFile = Main;
				INFOPLIST_KEY_UISupportedInterfaceOrientations_iPad = "UIInterfaceOrientationPortrait UIInterfaceOrientationPortraitUpsideDown UIInterfaceOrientationLandscapeLeft UIInterfaceOrientationLandscapeRight";
				INFOPLIST_KEY_UISupportedInterfaceOrientations_iPhone = "UIInterfaceOrientationPortrait UIInterfaceOrientationLandscapeLeft UIInterfaceOrientationLandscapeRight";
				LD_RUNPATH_SEARCH_PATHS = (
					"$(inherited)",
					"@executable_path/Frameworks",
				);
				MARKETING_VERSION = 1.0;
				PRODUCT_BUNDLE_IDENTIFIER = UNITCookies.Cookies;
				PRODUCT_NAME = "$(TARGET_NAME)";
				PROVISIONING_PROFILE_SPECIFIER = cookies_dev;
				SWIFT_EMIT_LOC_STRINGS = YES;
				SWIFT_VERSION = 5.0;
				TARGETED_DEVICE_FAMILY = "1,2";
			};
			name = Debug;
		};
		6FB2B7A328C2E8B30015331B /* Release */ = {
			isa = XCBuildConfiguration;
			baseConfigurationReference = 460B4154820812C3D67A7961 /* Pods-Cookies.release.xcconfig */;
			buildSettings = {
				ASSETCATALOG_COMPILER_APPICON_NAME = AppIcon;
				ASSETCATALOG_COMPILER_GLOBAL_ACCENT_COLOR_NAME = AccentColor;
				CODE_SIGN_IDENTITY = "iPhone Developer";
				CODE_SIGN_STYLE = Manual;
				CURRENT_PROJECT_VERSION = 1;
				DEVELOPMENT_TEAM = 594TR8CRP9;
				EXCLUDED_ARCHS = "";
				GENERATE_INFOPLIST_FILE = YES;
				INFOPLIST_FILE = Cookies/Info.plist;
				INFOPLIST_KEY_UIApplicationSupportsIndirectInputEvents = YES;
				INFOPLIST_KEY_UILaunchStoryboardName = LaunchScreen;
				INFOPLIST_KEY_UIMainStoryboardFile = Main;
				INFOPLIST_KEY_UISupportedInterfaceOrientations_iPad = "UIInterfaceOrientationPortrait UIInterfaceOrientationPortraitUpsideDown UIInterfaceOrientationLandscapeLeft UIInterfaceOrientationLandscapeRight";
				INFOPLIST_KEY_UISupportedInterfaceOrientations_iPhone = "UIInterfaceOrientationPortrait UIInterfaceOrientationLandscapeLeft UIInterfaceOrientationLandscapeRight";
				LD_RUNPATH_SEARCH_PATHS = (
					"$(inherited)",
					"@executable_path/Frameworks",
				);
				MARKETING_VERSION = 1.0;
				PRODUCT_BUNDLE_IDENTIFIER = UNITCookies.Cookies;
				PRODUCT_NAME = "$(TARGET_NAME)";
				PROVISIONING_PROFILE_SPECIFIER = cookies_dev;
				SWIFT_EMIT_LOC_STRINGS = YES;
				SWIFT_VERSION = 5.0;
				TARGETED_DEVICE_FAMILY = "1,2";
			};
			name = Release;
		};
		6FB2B7A528C2E8B30015331B /* Debug */ = {
			isa = XCBuildConfiguration;
			baseConfigurationReference = E4D206DD8B631EAB94459247 /* Pods-CookiesTests.debug.xcconfig */;
			buildSettings = {
				ALWAYS_EMBED_SWIFT_STANDARD_LIBRARIES = YES;
				BUNDLE_LOADER = "$(TEST_HOST)";
				CODE_SIGN_STYLE = Automatic;
				CURRENT_PROJECT_VERSION = 1;
				DEVELOPMENT_TEAM = 594TR8CRP9;
				GENERATE_INFOPLIST_FILE = YES;
				IPHONEOS_DEPLOYMENT_TARGET = 15.4;
				MARKETING_VERSION = 1.0;
				PRODUCT_BUNDLE_IDENTIFIER = UNITCookies.CookiesTests;
				PRODUCT_NAME = "$(TARGET_NAME)";
				SWIFT_EMIT_LOC_STRINGS = NO;
				SWIFT_VERSION = 5.0;
				TARGETED_DEVICE_FAMILY = "1,2";
				TEST_HOST = "$(BUILT_PRODUCTS_DIR)/Cookies.app/Cookies";
			};
			name = Debug;
		};
		6FB2B7A628C2E8B30015331B /* Release */ = {
			isa = XCBuildConfiguration;
			baseConfigurationReference = 6460C65FCE166EC0D0255295 /* Pods-CookiesTests.release.xcconfig */;
			buildSettings = {
				ALWAYS_EMBED_SWIFT_STANDARD_LIBRARIES = YES;
				BUNDLE_LOADER = "$(TEST_HOST)";
				CODE_SIGN_STYLE = Automatic;
				CURRENT_PROJECT_VERSION = 1;
				DEVELOPMENT_TEAM = 594TR8CRP9;
				GENERATE_INFOPLIST_FILE = YES;
				IPHONEOS_DEPLOYMENT_TARGET = 15.4;
				MARKETING_VERSION = 1.0;
				PRODUCT_BUNDLE_IDENTIFIER = UNITCookies.CookiesTests;
				PRODUCT_NAME = "$(TARGET_NAME)";
				SWIFT_EMIT_LOC_STRINGS = NO;
				SWIFT_VERSION = 5.0;
				TARGETED_DEVICE_FAMILY = "1,2";
				TEST_HOST = "$(BUILT_PRODUCTS_DIR)/Cookies.app/Cookies";
			};
			name = Release;
		};
		6FB2B7A828C2E8B30015331B /* Debug */ = {
			isa = XCBuildConfiguration;
			baseConfigurationReference = F6593552E4F8302B00F060E9 /* Pods-Cookies-CookiesUITests.debug.xcconfig */;
			buildSettings = {
				ALWAYS_EMBED_SWIFT_STANDARD_LIBRARIES = YES;
				CODE_SIGN_STYLE = Automatic;
				CURRENT_PROJECT_VERSION = 1;
				DEVELOPMENT_TEAM = 594TR8CRP9;
				GENERATE_INFOPLIST_FILE = YES;
				MARKETING_VERSION = 1.0;
				PRODUCT_BUNDLE_IDENTIFIER = UNITCookies.CookiesUITests;
				PRODUCT_NAME = "$(TARGET_NAME)";
				SWIFT_EMIT_LOC_STRINGS = NO;
				SWIFT_VERSION = 5.0;
				TARGETED_DEVICE_FAMILY = "1,2";
				TEST_TARGET_NAME = Cookies;
			};
			name = Debug;
		};
		6FB2B7A928C2E8B30015331B /* Release */ = {
			isa = XCBuildConfiguration;
			baseConfigurationReference = EF885F1123DF26CE2DE7EC83 /* Pods-Cookies-CookiesUITests.release.xcconfig */;
			buildSettings = {
				ALWAYS_EMBED_SWIFT_STANDARD_LIBRARIES = YES;
				CODE_SIGN_STYLE = Automatic;
				CURRENT_PROJECT_VERSION = 1;
				DEVELOPMENT_TEAM = 594TR8CRP9;
				GENERATE_INFOPLIST_FILE = YES;
				MARKETING_VERSION = 1.0;
				PRODUCT_BUNDLE_IDENTIFIER = UNITCookies.CookiesUITests;
				PRODUCT_NAME = "$(TARGET_NAME)";
				SWIFT_EMIT_LOC_STRINGS = NO;
				SWIFT_VERSION = 5.0;
				TARGETED_DEVICE_FAMILY = "1,2";
				TEST_TARGET_NAME = Cookies;
			};
			name = Release;
		};
/* End XCBuildConfiguration section */

/* Begin XCConfigurationList section */
		6FB2B77228C2E8B10015331B /* Build configuration list for PBXProject "Cookies" */ = {
			isa = XCConfigurationList;
			buildConfigurations = (
				6FB2B79F28C2E8B30015331B /* Debug */,
				6FB2B7A028C2E8B30015331B /* Release */,
			);
			defaultConfigurationIsVisible = 0;
			defaultConfigurationName = Release;
		};
		6FB2B7A128C2E8B30015331B /* Build configuration list for PBXNativeTarget "Cookies" */ = {
			isa = XCConfigurationList;
			buildConfigurations = (
				6FB2B7A228C2E8B30015331B /* Debug */,
				6FB2B7A328C2E8B30015331B /* Release */,
			);
			defaultConfigurationIsVisible = 0;
			defaultConfigurationName = Release;
		};
		6FB2B7A428C2E8B30015331B /* Build configuration list for PBXNativeTarget "CookiesTests" */ = {
			isa = XCConfigurationList;
			buildConfigurations = (
				6FB2B7A528C2E8B30015331B /* Debug */,
				6FB2B7A628C2E8B30015331B /* Release */,
			);
			defaultConfigurationIsVisible = 0;
			defaultConfigurationName = Release;
		};
		6FB2B7A728C2E8B30015331B /* Build configuration list for PBXNativeTarget "CookiesUITests" */ = {
			isa = XCConfigurationList;
			buildConfigurations = (
				6FB2B7A828C2E8B30015331B /* Debug */,
				6FB2B7A928C2E8B30015331B /* Release */,
			);
			defaultConfigurationIsVisible = 0;
			defaultConfigurationName = Release;
		};
/* End XCConfigurationList section */
	};
	rootObject = 6FB2B76F28C2E8B10015331B /* Project object */;
}
